
Microsoft Visual Studio Solution File, Format Version 12.00
# Visual Studio 2013
VisualStudioVersion = 12.0.30501.0
MinimumVisualStudioVersion = 10.0.40219.1
Project("{8BC9CEB8-8B4A-11D0-8D11-00A0C91BC942}") = "11-1wenjian", "11-1wenjian\11-1wenjian.vcxproj", "{0E8EC4BD-C185-44BA-A355-0CE18A9D7B76}"
EndProject
Global
	GlobalSection(SolutionConfigurationPlatforms) = preSolution
		Debug|Win32 = Debug|Win32
		Release|Win32 = Release|Win32
	EndGlobalSection
	GlobalSection(ProjectConfigurationPlatforms) = postSolution
		{0E8EC4BD-C185-44BA-A355-0CE18A9D7B76}.Debug|Win32.ActiveCfg = Debug|Win32
		{0E8EC4BD-C185-44BA-A355-0CE18A9D7B76}.Debug|Win32.Build.0 = Debug|Win32
		{0E8EC4BD-C185-44BA-A355-0CE18A9D7B76}.Release|Win32.ActiveCfg = Release|Win32
		{0E8EC4BD-C185-44BA-A355-0CE18A9D7B76}.Release|Win32.Build.0 = Release|Win32
	EndGlobalSection
	GlobalSection(SolutionProperties) = preSolution
		HideSolutionNode = FALSE
	EndGlobalSection
EndGlobal
